{
  "name": "shared",
  "version": "1.0.0",
  "lockfileVersion": 3,
  "requires": true,
  "packages": {
    "": {
      "name": "shared",
      "version": "1.0.0",
      "license": "ISC",
      "dependencies": {
        "zod": "^3.25.34"
      }
    },
    "node_modules/zod": {
      "version": "3.25.34",
      "resolved": "https://registry.npmjs.org/zod/-/zod-3.25.34.tgz",
      "integrity": "sha512-lZHvSc2PpWdcfpHlyB33HA9nqP16GpC9IpiG4lYq9jZCJVLZNnWd6Y1cj79bcLSBKTkxepfpjckPv5Y5VOPlwA==",
      "license": "MIT",
      "funding": {
        "url": "https://github.com/sponsors/colinhacks"
      }
    }
  }
}
